Microsoft Visual Studio Solution File, Format Version 12.00
# Visual Studio 15
VisualStudioVersion = 15.0.27130.2027
MinimumVisualStudioVersion = 10.0.40219.1
Project("{FAE04EC0-301F-11D3-BF4B-00C04F79EFBC}") = "SampleBank.WebAPI", "SampleBank.WebAPI.csproj", "{C3CBDBE6-86C3-4A88-94DD-8456D21FB17B}"
EndProject
Global
	GlobalSection(SolutionConfigurationPlatforms) = preSolution
		Debug|Any CPU = Debug|Any CPU
		Release|Any CPU = Release|Any CPU
	EndGlobalSection
	GlobalSection(ProjectConfigurationPlatforms) = postSolution
		{C3CBDBE6-86C3-4A88-94DD-8456D21FB17B}.Debug|Any CPU.ActiveCfg = Debug|Any CPU
		{C3CBDBE6-86C3-4A88-94DD-8456D21FB17B}.Debug|Any CPU.Build.0 = Debug|Any CPU
		{C3CBDBE6-86C3-4A88-94DD-8456D21FB17B}.Release|Any CPU.ActiveCfg = Release|Any CPU
		{C3CBDBE6-86C3-4A88-94DD-8456D21FB17B}.Release|Any CPU.Build.0 = Release|Any CPU
	EndGlobalSection
	GlobalSection(SolutionProperties) = preSolution
		HideSolutionNode = FALSE
	EndGlobalSection
	GlobalSection(ExtensibilityGlobals) = postSolution
		SolutionGuid = {989981E5-147C-4C62-9F5A-57F4CBDEE31A}
	EndGlobalSection
EndGlobal
